PODS:
  - Applanga (2.0.157)
  - ApplangaUITest (2.0.157)

DEPENDENCIES:
  - Applanga
  - ApplangaUITest

SPEC REPOS:
  trunk:
    - Applanga
    - ApplangaUITest

SPEC CHECKSUMS:
  Applanga: 180d647f9b5c75772e23150afead84e54e274a19
  ApplangaUITest: 20a240ab48d60e8b0ce9340f26220b2f3773dc10

PODFILE CHECKSUM: 88b918f046eb5a235ff3b9def59ec37516088e36

COCOAPODS: 1.11.2
