PODS:
  - Applanga (2.0.171)
  - ApplangaSwiftUI (2.0.171):
    - Applanga

DEPENDENCIES:
  - Applanga
  - ApplangaSwiftUI

SPEC REPOS:
  trunk:
    - Applanga
    - ApplangaSwiftUI

SPEC CHECKSUMS:
  Applanga: 9264edaa17fa9e8f76d7e032ad81036f15bab2f2
  ApplangaSwiftUI: ca9c2bd57ee4934ee41b6e4bfaa1c6ee5d52c82d

PODFILE CHECKSUM: 6bc2913a9ee4011d3a79c4b2533bd4b813606392

COCOAPODS: 1.12.0
