PODS:
  - Alamofire (5.2.2)
  - Applanga (2.0.139)

DEPENDENCIES:
  - Alamofire (~> 5.2)
  - Applanga

SPEC REPOS:
  trunk:
    - Alamofire
    - Applanga

SPEC CHECKSUMS:
  Alamofire: 814429acc853c6c54ff123fc3d2ef66803823ce0
  Applanga: 5c515f07839bae030947f66c5660cb347ffd859d

PODFILE CHECKSUM: 1c228462d7089c7d317fe821d4d0d084d04c8456

COCOAPODS: 1.9.0
